
Microsoft Visual Studio Solution File, Format Version 11.00
# Visual Studio 2010
Project("{8BC9CEB8-8B4A-11D0-8D11-00A0C91BC942}") = "PostfixNotation", "PostfixNotation.vcxproj", "{30B4697E-8B38-4641-B0CF-DEEDC1C1278B}"
EndProject
Global
	GlobalSection(SolutionConfigurationPlatforms) = preSolution
		Debug|Win32 = Debug|Win32
		Release|Win32 = Release|Win32
	EndGlobalSection
	GlobalSection(ProjectConfigurationPlatforms) = postSolution
		{30B4697E-8B38-4641-B0CF-DEEDC1C1278B}.Debug|Win32.ActiveCfg = Debug|Win32
		{30B4697E-8B38-4641-B0CF-DEEDC1C1278B}.Debug|Win32.Build.0 = Debug|Win32
		{30B4697E-8B38-4641-B0CF-DEEDC1C1278B}.Release|Win32.ActiveCfg = Release|Win32
		{30B4697E-8B38-4641-B0CF-DEEDC1C1278B}.Release|Win32.Build.0 = Release|Win32
	EndGlobalSection
	GlobalSection(SolutionProperties) = preSolution
		HideSolutionNode = FALSE
	EndGlobalSection
EndGlobal
